// !$*UTF8*$!
{
	archiveVersion = 1;
	classes = {
	};
	objectVersion = 56;
	objects = {

/* Begin PBXBuildFile section */
		BF69BD6F2CEF983700789949 /* Carry1stEcommerceAppApp.swift in Sources */ = {isa = PBXBuildFile; fileRef = BF69BD6E2CEF983700789949 /* Carry1stEcommerceAppApp.swift */; };
		BF69BD712CEF983700789949 /* ContentView.swift in Sources */ = {isa = PBXBuildFile; fileRef = BF69BD702CEF983700789949 /* ContentView.swift */; };
		BF69BD732CEF983800789949 /* Assets.xcassets in Resources */ = {isa = PBXBuildFile; fileRef = BF69BD722CEF983800789949 /* Assets.xcassets */; };
		BF69BD762CEF983800789949 /* Preview Assets.xcassets in Resources */ = {isa = PBXBuildFile; fileRef = BF69BD752CEF983800789949 /* Preview Assets.xcassets */; };
		BF69BD802CEF983800789949 /* Carry1stEcommerceAppTests.swift in Sources */ = {isa = PBXBuildFile; fileRef = BF69BD7F2CEF983800789949 /* Carry1stEcommerceAppTests.swift */; };
		BF69BD8A2CEF983800789949 /* Carry1stEcommerceAppUITests.swift in Sources */ = {isa = PBXBuildFile; fileRef = BF69BD892CEF983800789949 /* Carry1stEcommerceAppUITests.swift */; };
		BF69BD8C2CEF983800789949 /* Carry1stEcommerceAppUITestsLaunchTests.swift in Sources */ = {isa = PBXBuildFile; fileRef = BF69BD8B2CEF983800789949 /* Carry1stEcommerceAppUITestsLaunchTests.swift */; };
/* End PBXBuildFile section */

/* Begin PBXContainerItemProxy section */
		BF69BD7C2CEF983800789949 /* PBXContainerItemProxy */ = {
			isa = PBXContainerItemProxy;
			containerPortal = BF69BD632CEF983700789949 /* Project object */;
			proxyType = 1;
			remoteGlobalIDString = BF69BD6A2CEF983700789949;
			remoteInfo = Carry1stEcommerceApp;
		};
		BF69BD862CEF983800789949 /* PBXContainerItemProxy */ = {
			isa = PBXContainerItemProxy;
			containerPortal = BF69BD632CEF983700789949 /* Project object */;
			proxyType = 1;
			remoteGlobalIDString = BF69BD6A2CEF983700789949;
			remoteInfo = Carry1stEcommerceApp;
		};
/* End PBXContainerItemProxy section */

/* Begin PBXFileReference section */
		BF69BD6B2CEF983700789949 /* Carry1stEcommerceApp.app */ = {isa = PBXFileReference; explicitFileType = wrapper.application; includeInIndex = 0; path = Carry1stEcommerceApp.app; sourceTree = BUILT_PRODUCTS_DIR; };
		BF69BD6E2CEF983700789949 /* Carry1stEcommerceAppApp.swift */ = {isa = PBXFileReference; lastKnownFileType = sourcecode.swift; path = Carry1stEcommerceAppApp.swift; sourceTree = "<group>"; };
		BF69BD702CEF983700789949 /* ContentView.swift */ = {isa = PBXFileReference; lastKnownFileType = sourcecode.swift; path = ContentView.swift; sourceTree = "<group>"; };
		BF69BD722CEF983800789949 /* Assets.xcassets */ = {isa = PBXFileReference; lastKnownFileType = folder.assetcatalog; path = Assets.xcassets; sourceTree = "<group>"; };
		BF69BD752CEF983800789949 /* Preview Assets.xcassets */ = {isa = PBXFileReference; lastKnownFileType = folder.assetcatalog; path = "Preview Assets.xcassets"; sourceTree = "<group>"; };
		BF69BD7B2CEF983800789949 /* Carry1stEcommerceAppTests.xctest */ = {isa = PBXFileReference; explicitFileType = wrapper.cfbundle; includeInIndex = 0; path = Carry1stEcommerceAppTests.xctest; sourceTree = BUILT_PRODUCTS_DIR; };
		BF69BD7F2CEF983800789949 /* Carry1stEcommerceAppTests.swift */ = {isa = PBXFileReference; lastKnownFileType = sourcecode.swift; path = Carry1stEcommerceAppTests.swift; sourceTree = "<group>"; };
		BF69BD852CEF983800789949 /* Carry1stEcommerceAppUITests.xctest */ = {isa = PBXFileReference; explicitFileType = wrapper.cfbundle; includeInIndex = 0; path = Carry1stEcommerceAppUITests.xctest; sourceTree = BUILT_PRODUCTS_DIR; };
		BF69BD892CEF983800789949 /* Carry1stEcommerceAppUITests.swift */ = {isa = PBXFileReference; lastKnownFileType = sourcecode.swift; path = Carry1stEcommerceAppUITests.swift; sourceTree = "<group>"; };
		BF69BD8B2CEF983800789949 /* Carry1stEcommerceAppUITestsLaunchTests.swift */ = {isa = PBXFileReference; lastKnownFileType = sourcecode.swift; path = Carry1stEcommerceAppUITestsLaunchTests.swift; sourceTree = "<group>"; };
/* End PBXFileReference section */

/* Begin PBXFrameworksBuildPhase section */
		BF69BD682CEF983700789949 /* Frameworks */ = {
			isa = PBXFrameworksBuildPhase;
			buildActionMask = 2147483647;
			files = (
			);
			runOnlyForDeploymentPostprocessing = 0;
		};
		BF69BD782CEF983800789949 /* Frameworks */ = {
			isa = PBXFrameworksBuildPhase;
			buildActionMask = 2147483647;
			files = (
			);
			runOnlyForDeploymentPostprocessing = 0;
		};
		BF69BD822CEF983800789949 /* Frameworks */ = {
			isa = PBXFrameworksBuildPhase;
			buildActionMask = 2147483647;
			files = (
			);
			runOnlyForDeploymentPostprocessing = 0;
		};
/* End PBXFrameworksBuildPhase section */

/* Begin PBXGroup section */
		BF69BD622CEF983700789949 = {
			isa = PBXGroup;
			children = (
				BF69BD6D2CEF983700789949 /* Carry1stEcommerceApp */,
				BF69BD7E2CEF983800789949 /* Carry1stEcommerceAppTests */,
				BF69BD882CEF983800789949 /* Carry1stEcommerceAppUITests */,
				BF69BD6C2CEF983700789949 /* Products */,
			);
			sourceTree = "<group>";
		};
		BF69BD6C2CEF983700789949 /* Products */ = {
			isa = PBXGroup;
			children = (
				BF69BD6B2CEF983700789949 /* Carry1stEcommerceApp.app */,
				BF69BD7B2CEF983800789949 /* Carry1stEcommerceAppTests.xctest */,
				BF69BD852CEF983800789949 /* Carry1stEcommerceAppUITests.xctest */,
			);
			name = Products;
			sourceTree = "<group>";
		};
		BF69BD6D2CEF983700789949 /* Carry1stEcommerceApp */ = {
			isa = PBXGroup;
			children = (
				BF69BD9D2CEF9D6500789949 /* Utilities */,
				BF69BD9C2CEF9D5B00789949 /* Services */,
				BF69BD9B2CEF9D5200789949 /* Module */,
				BF69BD992CEF9C6A00789949 /* Resources */,
				BF69BD6E2CEF983700789949 /* Carry1stEcommerceAppApp.swift */,
				BF69BD702CEF983700789949 /* ContentView.swift */,
				BF69BD742CEF983800789949 /* Preview Content */,
			);
			path = Carry1stEcommerceApp;
			sourceTree = "<group>";
		};
		BF69BD742CEF983800789949 /* Preview Content */ = {
			isa = PBXGroup;
			children = (
				BF69BD752CEF983800789949 /* Preview Assets.xcassets */,
			);
			path = "Preview Content";
			sourceTree = "<group>";
		};
		BF69BD7E2CEF983800789949 /* Carry1stEcommerceAppTests */ = {
			isa = PBXGroup;
			children = (
				BF69BD7F2CEF983800789949 /* Carry1stEcommerceAppTests.swift */,
			);
			path = Carry1stEcommerceAppTests;
			sourceTree = "<group>";
		};
		BF69BD882CEF983800789949 /* Carry1stEcommerceAppUITests */ = {
			isa = PBXGroup;
			children = (
				BF69BD892CEF983800789949 /* Carry1stEcommerceAppUITests.swift */,
				BF69BD8B2CEF983800789949 /* Carry1stEcommerceAppUITestsLaunchTests.swift */,
			);
			path = Carry1stEcommerceAppUITests;
			sourceTree = "<group>";
		};
		BF69BD992CEF9C6A00789949 /* Resources */ = {
			isa = PBXGroup;
			children = (
			);
			path = Resources;
			sourceTree = "<group>";
		};
		BF69BD9B2CEF9D5200789949 /* Module */ = {
			isa = PBXGroup;
			children = (
			);
			path = Module;
			sourceTree = "<group>";
		};
		BF69BD9C2CEF9D5B00789949 /* Services */ = {
			isa = PBXGroup;
			children = (
			);
			path = Services;
			sourceTree = "<group>";
		};
		BF69BD9D2CEF9D6500789949 /* Utilities */ = {
			isa = PBXGroup;
			children = (
				BF69BD722CEF983800789949 /* Assets.xcassets */,
			);
			path = Utilities;
			sourceTree = "<group>";
		};
/* End PBXGroup section */

/* Begin PBXNativeTarget section */
		BF69BD6A2CEF983700789949 /* Carry1stEcommerceApp */ = {
			isa = PBXNativeTarget;
			buildConfigurationList = BF69BD8F2CEF983800789949 /* Build configuration list for PBXNativeTarget "Carry1stEcommerceApp" */;
			buildPhases = (
				BF69BD672CEF983700789949 /* Sources */,
				BF69BD682CEF983700789949 /* Frameworks */,
				BF69BD692CEF983700789949 /* Resources */,
			);
			buildRules = (
			);
			dependencies = (
			);
			name = Carry1stEcommerceApp;
			productName = Carry1stEcommerceApp;
			productReference = BF69BD6B2CEF983700789949 /* Carry1stEcommerceApp.app */;
			productType = "com.apple.product-type.application";
		};
		BF69BD7A2CEF983800789949 /* Carry1stEcommerceAppTests */ = {
			isa = PBXNativeTarget;
			buildConfigurationList = BF69BD922CEF983800789949 /* Build configuration list for PBXNativeTarget "Carry1stEcommerceAppTests" */;
			buildPhases = (
				BF69BD772CEF983800789949 /* Sources */,
				BF69BD782CEF983800789949 /* Frameworks */,
				BF69BD792CEF983800789949 /* Resources */,
			);
			buildRules = (
			);
			dependencies = (
				BF69BD7D2CEF983800789949 /* PBXTargetDependency */,
			);
			name = Carry1stEcommerceAppTests;
			productName = Carry1stEcommerceAppTests;
			productReference = BF69BD7B2CEF983800789949 /* Carry1stEcommerceAppTests.xctest */;
			productType = "com.apple.product-type.bundle.unit-test";
		};
		BF69BD842CEF983800789949 /* Carry1stEcommerceAppUITests */ = {
			isa = PBXNativeTarget;
			buildConfigurationList = BF69BD952CEF983800789949 /* Build configuration list for PBXNativeTarget "Carry1stEcommerceAppUITests" */;
			buildPhases = (
				BF69BD812CEF983800789949 /* Sources */,
				BF69BD822CEF983800789949 /* Frameworks */,
				BF69BD832CEF983800789949 /* Resources */,
			);
			buildRules = (
			);
			dependencies = (
				BF69BD872CEF983800789949 /* PBXTargetDependency */,
			);
			name = Carry1stEcommerceAppUITests;
			productName = Carry1stEcommerceAppUITests;
			productReference = BF69BD852CEF983800789949 /* Carry1stEcommerceAppUITests.xctest */;
			productType = "com.apple.product-type.bundle.ui-testing";
		};
/* End PBXNativeTarget section */

/* Begin PBXProject section */
		BF69BD632CEF983700789949 /* Project object */ = {
			isa = PBXProject;
			attributes = {
				BuildIndependentTargetsInParallel = 1;
				LastSwiftUpdateCheck = 1540;
				LastUpgradeCheck = 1540;
				TargetAttributes = {
					BF69BD6A2CEF983700789949 = {
						CreatedOnToolsVersion = 15.4;
					};
					BF69BD7A2CEF983800789949 = {
						CreatedOnToolsVersion = 15.4;
						TestTargetID = BF69BD6A2CEF983700789949;
					};
					BF69BD842CEF983800789949 = {
						CreatedOnToolsVersion = 15.4;
						TestTargetID = BF69BD6A2CEF983700789949;
					};
				};
			};
			buildConfigurationList = BF69BD662CEF983700789949 /* Build configuration list for PBXProject "Carry1stEcommerceApp" */;
			compatibilityVersion = "Xcode 14.0";
			developmentRegion = en;
			hasScannedForEncodings = 0;
			knownRegions = (
				en,
				Base,
			);
			mainGroup = BF69BD622CEF983700789949;
			packageReferences = (
				BF69BD982CEF990300789949 /* XCRemoteSwiftPackageReference "Resolver" */,
			);
			productRefGroup = BF69BD6C2CEF983700789949 /* Products */;
			projectDirPath = "";
			projectRoot = "";
			targets = (
				BF69BD6A2CEF983700789949 /* Carry1stEcommerceApp */,
				BF69BD7A2CEF983800789949 /* Carry1stEcommerceAppTests */,
				BF69BD842CEF983800789949 /* Carry1stEcommerceAppUITests */,
			);
		};
/* End PBXProject section */

/* Begin PBXResourcesBuildPhase section */
		BF69BD692CEF983700789949 /* Resources */ = {
			isa = PBXResourcesBuildPhase;
			buildActionMask = 2147483647;
			files = (
				BF69BD762CEF983800789949 /* Preview Assets.xcassets in Resources */,
				BF69BD732CEF983800789949 /* Assets.xcassets in Resources */,
			);
			runOnlyForDeploymentPostprocessing = 0;
		};
		BF69BD792CEF983800789949 /* Resources */ = {
			isa = PBXResourcesBuildPhase;
			buildActionMask = 2147483647;
			files = (
			);
			runOnlyForDeploymentPostprocessing = 0;
		};
		BF69BD832CEF983800789949 /* Resources */ = {
			isa = PBXResourcesBuildPhase;
			buildActionMask = 2147483647;
			files = (
			);
			runOnlyForDeploymentPostprocessing = 0;
		};
/* End PBXResourcesBuildPhase section */

/* Begin PBXSourcesBuildPhase section */
		BF69BD672CEF983700789949 /* Sources */ = {
			isa = PBXSourcesBuildPhase;
			buildActionMask = 2147483647;
			files = (
				BF69BD712CEF983700789949 /* ContentView.swift in Sources */,
				BF69BD6F2CEF983700789949 /* Carry1stEcommerceAppApp.swift in Sources */,
			);
			runOnlyForDeploymentPostprocessing = 0;
		};
		BF69BD772CEF983800789949 /* Sources */ = {
			isa = PBXSourcesBuildPhase;
			buildActionMask = 2147483647;
			files = (
				BF69BD802CEF983800789949 /* Carry1stEcommerceAppTests.swift in Sources */,
			);
			runOnlyForDeploymentPostprocessing = 0;
		};
		BF69BD812CEF983800789949 /* Sources */ = {
			isa = PBXSourcesBuildPhase;
			buildActionMask = 2147483647;
			files = (
				BF69BD8C2CEF983800789949 /* Carry1stEcommerceAppUITestsLaunchTests.swift in Sources */,
				BF69BD8A2CEF983800789949 /* Carry1stEcommerceAppUITests.swift in Sources */,
			);
			runOnlyForDeploymentPostprocessing = 0;
		};
/* End PBXSourcesBuildPhase section */

/* Begin PBXTargetDependency section */
		BF69BD7D2CEF983800789949 /* PBXTargetDependency */ = {
			isa = PBXTargetDependency;
			target = BF69BD6A2CEF983700789949 /* Carry1stEcommerceApp */;
			targetProxy = BF69BD7C2CEF983800789949 /* PBXContainerItemProxy */;
		};
		BF69BD872CEF983800789949 /* PBXTargetDependency */ = {
			isa = PBXTargetDependency;
			target = BF69BD6A2CEF983700789949 /* Carry1stEcommerceApp */;
			targetProxy = BF69BD862CEF983800789949 /* PBXContainerItemProxy */;
		};
/* End PBXTargetDependency section */

/* Begin XCBuildConfiguration section */
		BF69BD8D2CEF983800789949 /* Debug */ = {
			isa = XCBuildConfiguration;
			buildSettings = {
				ALWAYS_SEARCH_USER_PATHS = NO;
				ASSETCATALOG_COMPILER_GENERATE_SWIFT_ASSET_SYMBOL_EXTENSIONS = YES;
				CLANG_ANALYZER_NONNULL = YES;
				CLANG_ANALYZER_NUMBER_OBJECT_CONVERSION = YES_AGGRESSIVE;
				CLANG_CXX_LANGUAGE_STANDARD = "gnu++20";
				CLANG_ENABLE_MODULES = YES;
				CLANG_ENABLE_OBJC_ARC = YES;
				CLANG_ENABLE_OBJC_WEAK = YES;
				CLANG_WARN_BLOCK_CAPTURE_AUTORELEASING = YES;
				CLANG_WARN_BOOL_CONVERSION = YES;
				CLANG_WARN_COMMA = YES;
				CLANG_WARN_CONSTANT_CONVERSION = YES;
				CLANG_WARN_DEPRECATED_OBJC_IMPLEMENTATIONS = YES;
				CLANG_WARN_DIRECT_OBJC_ISA_USAGE = YES_ERROR;
				CLANG_WARN_DOCUMENTATION_COMMENTS = YES;
				CLANG_WARN_EMPTY_BODY = YES;
				CLANG_WARN_ENUM_CONVERSION = YES;
				CLANG_WARN_INFINITE_RECURSION = YES;
				CLANG_WARN_INT_CONVERSION = YES;
				CLANG_WARN_NON_LITERAL_NULL_CONVERSION = YES;
				CLANG_WARN_OBJC_IMPLICIT_RETAIN_SELF = YES;
				CLANG_WARN_OBJC_LITERAL_CONVERSION = YES;
				CLANG_WARN_OBJC_ROOT_CLASS = YES_ERROR;
				CLANG_WARN_QUOTED_INCLUDE_IN_FRAMEWORK_HEADER = YES;
				CLANG_WARN_RANGE_LOOP_ANALYSIS = YES;
				CLANG_WARN_STRICT_PROTOTYPES = YES;
				CLANG_WARN_SUSPICIOUS_MOVE = YES;
				CLANG_WARN_UNGUARDED_AVAILABILITY = YES_AGGRESSIVE;
				CLANG_WARN_UNREACHABLE_CODE = YES;
				CLANG_WARN__DUPLICATE_METHOD_MATCH = YES;
				COPY_PHASE_STRIP = NO;
				DEBUG_INFORMATION_FORMAT = dwarf;
				ENABLE_STRICT_OBJC_MSGSEND = YES;
				ENABLE_TESTABILITY = YES;
				ENABLE_USER_SCRIPT_SANDBOXING = YES;
				GCC_C_LANGUAGE_STANDARD = gnu17;
				GCC_DYNAMIC_NO_PIC = NO;
				GCC_NO_COMMON_BLOCKS = YES;
				GCC_OPTIMIZATION_LEVEL = 0;
				GCC_PREPROCESSOR_DEFINITIONS = (
					"DEBUG=1",
					"$(inherited)",
				);
				GCC_WARN_64_TO_32_BIT_CONVERSION = YES;
				GCC_WARN_ABOUT_RETURN_TYPE = YES_ERROR;
				GCC_WARN_UNDECLARED_SELECTOR = YES;
				GCC_WARN_UNINITIALIZED_AUTOS = YES_AGGRESSIVE;
				GCC_WARN_UNUSED_FUNCTION = YES;
				GCC_WARN_UNUSED_VARIABLE = YES;
				IPHONEOS_DEPLOYMENT_TARGET = 17.5;
				LOCALIZATION_PREFERS_STRING_CATALOGS = YES;
				MTL_ENABLE_DEBUG_INFO = INCLUDE_SOURCE;
				MTL_FAST_MATH = YES;
				ONLY_ACTIVE_ARCH = YES;
				SDKROOT = iphoneos;
				SWIFT_ACTIVE_COMPILATION_CONDITIONS = "DEBUG $(inherited)";
				SWIFT_OPTIMIZATION_LEVEL = "-Onone";
			};
			name = Debug;
		};
		BF69BD8E2CEF983800789949 /* Release */ = {
			isa = XCBuildConfiguration;
			buildSettings = {
				ALWAYS_SEARCH_USER_PATHS = NO;
				ASSETCATALOG_COMPILER_GENERATE_SWIFT_ASSET_SYMBOL_EXTENSIONS = YES;
				CLANG_ANALYZER_NONNULL = YES;
				CLANG_ANALYZER_NUMBER_OBJECT_CONVERSION = YES_AGGRESSIVE;
				CLANG_CXX_LANGUAGE_STANDARD = "gnu++20";
				CLANG_ENABLE_MODULES = YES;
				CLANG_ENABLE_OBJC_ARC = YES;
				CLANG_ENABLE_OBJC_WEAK = YES;
				CLANG_WARN_BLOCK_CAPTURE_AUTORELEASING = YES;
				CLANG_WARN_BOOL_CONVERSION = YES;
				CLANG_WARN_COMMA = YES;
				CLANG_WARN_CONSTANT_CONVERSION = YES;
				CLANG_WARN_DEPRECATED_OBJC_IMPLEMENTATIONS = YES;
				CLANG_WARN_DIRECT_OBJC_ISA_USAGE = YES_ERROR;
				CLANG_WARN_DOCUMENTATION_COMMENTS = YES;
				CLANG_WARN_EMPTY_BODY = YES;
				CLANG_WARN_ENUM_CONVERSION = YES;
				CLANG_WARN_INFINITE_RECURSION = YES;
				CLANG_WARN_INT_CONVERSION = YES;
				CLANG_WARN_NON_LITERAL_NULL_CONVERSION = YES;
				CLANG_WARN_OBJC_IMPLICIT_RETAIN_SELF = YES;
				CLANG_WARN_OBJC_LITERAL_CONVERSION = YES;
				CLANG_WARN_OBJC_ROOT_CLASS = YES_ERROR;
				CLANG_WARN_QUOTED_INCLUDE_IN_FRAMEWORK_HEADER = YES;
				CLANG_WARN_RANGE_LOOP_ANALYSIS = YES;
				CLANG_WARN_STRICT_PROTOTYPES = YES;
				CLANG_WARN_SUSPICIOUS_MOVE = YES;
				CLANG_WARN_UNGUARDED_AVAILABILITY = YES_AGGRESSIVE;
				CLANG_WARN_UNREACHABLE_CODE = YES;
				CLANG_WARN__DUPLICATE_METHOD_MATCH = YES;
				COPY_PHASE_STRIP = NO;
				DEBUG_INFORMATION_FORMAT = "dwarf-with-dsym";
				ENABLE_NS_ASSERTIONS = NO;
				ENABLE_STRICT_OBJC_MSGSEND = YES;
				ENABLE_USER_SCRIPT_SANDBOXING = YES;
				GCC_C_LANGUAGE_STANDARD = gnu17;
				GCC_NO_COMMON_BLOCKS = YES;
				GCC_WARN_64_TO_32_BIT_CONVERSION = YES;
				GCC_WARN_ABOUT_RETURN_TYPE = YES_ERROR;
				GCC_WARN_UNDECLARED_SELECTOR = YES;
				GCC_WARN_UNINITIALIZED_AUTOS = YES_AGGRESSIVE;
				GCC_WARN_UNUSED_FUNCTION = YES;
				GCC_WARN_UNUSED_VARIABLE = YES;
				IPHONEOS_DEPLOYMENT_TARGET = 17.5;
				LOCALIZATION_PREFERS_STRING_CATALOGS = YES;
				MTL_ENABLE_DEBUG_INFO = NO;
				MTL_FAST_MATH = YES;
				SDKROOT = iphoneos;
				SWIFT_COMPILATION_MODE = wholemodule;
				VALIDATE_PRODUCT = YES;
			};
			name = Release;
		};
		BF69BD902CEF983800789949 /* Debug */ = {
			isa = XCBuildConfiguration;
			buildSettings = {
				ASSETCATALOG_COMPILER_APPICON_NAME = AppIcon;
				ASSETCATALOG_COMPILER_GLOBAL_ACCENT_COLOR_NAME = AccentColor;
				CODE_SIGN_STYLE = Automatic;
				CURRENT_PROJECT_VERSION = 1;
				DEVELOPMENT_ASSET_PATHS = "\"Carry1stEcommerceApp/Preview Content\"";
				DEVELOPMENT_TEAM = 8A3CL8858X;
				ENABLE_PREVIEWS = YES;
				GENERATE_INFOPLIST_FILE = YES;
				INFOPLIST_KEY_UIApplicationSceneManifest_Generation = YES;
				INFOPLIST_KEY_UIApplicationSupportsIndirectInputEvents = YES;
				INFOPLIST_KEY_UILaunchScreen_Generation = YES;
				INFOPLIST_KEY_UISupportedInterfaceOrientations_iPad = "UIInterfaceOrientationPortrait UIInterfaceOrientationPortraitUpsideDown UIInterfaceOrientationLandscapeLeft UIInterfaceOrientationLandscapeRight";
				INFOPLIST_KEY_UISupportedInterfaceOrientations_iPhone = "UIInterfaceOrientationPortrait UIInterfaceOrientationLandscapeLeft UIInterfaceOrientationLandscapeRight";
				LD_RUNPATH_SEARCH_PATHS = (
					"$(inherited)",
					"@executable_path/Frameworks",
				);
				MARKETING_VERSION = 1.0;
				PRODUCT_BUNDLE_IDENTIFIER = com.ugoval.Carry1stEcommerceApp;
				PRODUCT_NAME = "$(TARGET_NAME)";
				SWIFT_EMIT_LOC_STRINGS = YES;
				SWIFT_VERSION = 5.0;
				TARGETED_DEVICE_FAMILY = "1,2";
			};
			name = Debug;
		};
		BF69BD912CEF983800789949 /* Release */ = {
			isa = XCBuildConfiguration;
			buildSettings = {
				ASSETCATALOG_COMPILER_APPICON_NAME = AppIcon;
				ASSETCATALOG_COMPILER_GLOBAL_ACCENT_COLOR_NAME = AccentColor;
				CODE_SIGN_STYLE = Automatic;
				CURRENT_PROJECT_VERSION = 1;
				DEVELOPMENT_ASSET_PATHS = "\"Carry1stEcommerceApp/Preview Content\"";
				DEVELOPMENT_TEAM = 8A3CL8858X;
				ENABLE_PREVIEWS = YES;
				GENERATE_INFOPLIST_FILE = YES;
				INFOPLIST_KEY_UIApplicationSceneManifest_Generation = YES;
				INFOPLIST_KEY_UIApplicationSupportsIndirectInputEvents = YES;
				INFOPLIST_KEY_UILaunchScreen_Generation = YES;
				INFOPLIST_KEY_UISupportedInterfaceOrientations_iPad = "UIInterfaceOrientationPortrait UIInterfaceOrientationPortraitUpsideDown UIInterfaceOrientationLandscapeLeft UIInterfaceOrientationLandscapeRight";
				INFOPLIST_KEY_UISupportedInterfaceOrientations_iPhone = "UIInterfaceOrientationPortrait UIInterfaceOrientationLandscapeLeft UIInterfaceOrientationLandscapeRight";
				LD_RUNPATH_SEARCH_PATHS = (
					"$(inherited)",
					"@executable_path/Frameworks",
				);
				MARKETING_VERSION = 1.0;
				PRODUCT_BUNDLE_IDENTIFIER = com.ugoval.Carry1stEcommerceApp;
				PRODUCT_NAME = "$(TARGET_NAME)";
				SWIFT_EMIT_LOC_STRINGS = YES;
				SWIFT_VERSION = 5.0;
				TARGETED_DEVICE_FAMILY = "1,2";
			};
			name = Release;
		};
		BF69BD932CEF983800789949 /* Debug */ = {
			isa = XCBuildConfiguration;
			buildSettings = {
				ALWAYS_EMBED_SWIFT_STANDARD_LIBRARIES = YES;
				BUNDLE_LOADER = "$(TEST_HOST)";
				CODE_SIGN_STYLE = Automatic;
				CURRENT_PROJECT_VERSION = 1;
				DEVELOPMENT_TEAM = 8A3CL8858X;
				GENERATE_INFOPLIST_FILE = YES;
				IPHONEOS_DEPLOYMENT_TARGET = 17.5;
				MARKETING_VERSION = 1.0;
				PRODUCT_BUNDLE_IDENTIFIER = com.ugoval.Carry1stEcommerceAppTests;
				PRODUCT_NAME = "$(TARGET_NAME)";
				SWIFT_EMIT_LOC_STRINGS = NO;
				SWIFT_VERSION = 5.0;
				TARGETED_DEVICE_FAMILY = "1,2";
				TEST_HOST = "$(BUILT_PRODUCTS_DIR)/Carry1stEcommerceApp.app/$(BUNDLE_EXECUTABLE_FOLDER_PATH)/Carry1stEcommerceApp";
			};
			name = Debug;
		};
		BF69BD942CEF983800789949 /* Release */ = {
			isa = XCBuildConfiguration;
			buildSettings = {
				ALWAYS_EMBED_SWIFT_STANDARD_LIBRARIES = YES;
				BUNDLE_LOADER = "$(TEST_HOST)";
				CODE_SIGN_STYLE = Automatic;
				CURRENT_PROJECT_VERSION = 1;
				DEVELOPMENT_TEAM = 8A3CL8858X;
				GENERATE_INFOPLIST_FILE = YES;
				IPHONEOS_DEPLOYMENT_TARGET = 17.5;
				MARKETING_VERSION = 1.0;
				PRODUCT_BUNDLE_IDENTIFIER = com.ugoval.Carry1stEcommerceAppTests;
				PRODUCT_NAME = "$(TARGET_NAME)";
				SWIFT_EMIT_LOC_STRINGS = NO;
				SWIFT_VERSION = 5.0;
				TARGETED_DEVICE_FAMILY = "1,2";
				TEST_HOST = "$(BUILT_PRODUCTS_DIR)/Carry1stEcommerceApp.app/$(BUNDLE_EXECUTABLE_FOLDER_PATH)/Carry1stEcommerceApp";
			};
			name = Release;
		};
		BF69BD962CEF983800789949 /* Debug */ = {
			isa = XCBuildConfiguration;
			buildSettings = {
				ALWAYS_EMBED_SWIFT_STANDARD_LIBRARIES = YES;
				CODE_SIGN_STYLE = Automatic;
				CURRENT_PROJECT_VERSION = 1;
				DEVELOPMENT_TEAM = 8A3CL8858X;
				GENERATE_INFOPLIST_FILE = YES;
				MARKETING_VERSION = 1.0;
				PRODUCT_BUNDLE_IDENTIFIER = com.ugoval.Carry1stEcommerceAppUITests;
				PRODUCT_NAME = "$(TARGET_NAME)";
				SWIFT_EMIT_LOC_STRINGS = NO;
				SWIFT_VERSION = 5.0;
				TARGETED_DEVICE_FAMILY = "1,2";
				TEST_TARGET_NAME = Carry1stEcommerceApp;
			};
			name = Debug;
		};
		BF69BD972CEF983800789949 /* Release */ = {
			isa = XCBuildConfiguration;
			buildSettings = {
				ALWAYS_EMBED_SWIFT_STANDARD_LIBRARIES = YES;
				CODE_SIGN_STYLE = Automatic;
				CURRENT_PROJECT_VERSION = 1;
				DEVELOPMENT_TEAM = 8A3CL8858X;
				GENERATE_INFOPLIST_FILE = YES;
				MARKETING_VERSION = 1.0;
				PRODUCT_BUNDLE_IDENTIFIER = com.ugoval.Carry1stEcommerceAppUITests;
				PRODUCT_NAME = "$(TARGET_NAME)";
				SWIFT_EMIT_LOC_STRINGS = NO;
				SWIFT_VERSION = 5.0;
				TARGETED_DEVICE_FAMILY = "1,2";
				TEST_TARGET_NAME = Carry1stEcommerceApp;
			};
			name = Release;
		};
/* End XCBuildConfiguration section */

/* Begin XCConfigurationList section */
		BF69BD662CEF983700789949 /* Build configuration list for PBXProject "Carry1stEcommerceApp" */ = {
			isa = XCConfigurationList;
			buildConfigurations = (
				BF69BD8D2CEF983800789949 /* Debug */,
				BF69BD8E2CEF983800789949 /* Release */,
			);
			defaultConfigurationIsVisible = 0;
			defaultConfigurationName = Release;
		};
		BF69BD8F2CEF983800789949 /* Build configuration list for PBXNativeTarget "Carry1stEcommerceApp" */ = {
			isa = XCConfigurationList;
			buildConfigurations = (
				BF69BD902CEF983800789949 /* Debug */,
				BF69BD912CEF983800789949 /* Release */,
			);
			defaultConfigurationIsVisible = 0;
			defaultConfigurationName = Release;
		};
		BF69BD922CEF983800789949 /* Build configuration list for PBXNativeTarget "Carry1stEcommerceAppTests" */ = {
			isa = XCConfigurationList;
			buildConfigurations = (
				BF69BD932CEF983800789949 /* Debug */,
				BF69BD942CEF983800789949 /* Release */,
			);
			defaultConfigurationIsVisible = 0;
			defaultConfigurationName = Release;
		};
		BF69BD952CEF983800789949 /* Build configuration list for PBXNativeTarget "Carry1stEcommerceAppUITests" */ = {
			isa = XCConfigurationList;
			buildConfigurations = (
				BF69BD962CEF983800789949 /* Debug */,
				BF69BD972CEF983800789949 /* Release */,
			);
			defaultConfigurationIsVisible = 0;
			defaultConfigurationName = Release;
		};
/* End XCConfigurationList section */

/* Begin XCRemoteSwiftPackageReference section */
		BF69BD982CEF990300789949 /* XCRemoteSwiftPackageReference "Resolver" */ = {
			isa = XCRemoteSwiftPackageReference;
			repositoryURL = "https://github.com/hmlongco/Resolver.git";
			requirement = {
				kind = upToNextMajorVersion;
				minimumVersion = 1.5.1;
			};
		};
/* End XCRemoteSwiftPackageReference section */
	};
	rootObject = BF69BD632CEF983700789949 /* Project object */;
}
